
Microsoft Visual Studio Solution File, Format Version 12.00
# Visual Studio Version 17
VisualStudioVersion = 17.0.31903.59
MinimumVisualStudioVersion = 10.0.40219.1
Project("{2150E333-8FDC-42A3-9474-1A3956D46DE8}") = "src", "src", "{827E0CD3-B72D-47B6-A68D-7590B98EB39B}"
EndProject
Project("{FAE04EC0-301F-11D3-BF4B-00C04F79EFBC}") = "RepoLens.Api", "src\RepoLens.Api\RepoLens.Api.csproj", "{7DD4DEFB-0BA5-4D0C-9BF9-C114C7FADE83}"
EndProject
Project("{FAE04EC0-301F-11D3-BF4B-00C04F79EFBC}") = "RepoLens.Domain", "src\RepoLens.Domain\RepoLens.Domain.csproj", "{4EBC7155-29DA-4491-A6D2-3F3E1CD5AD9C}"
EndProject
Project("{FAE04EC0-301F-11D3-BF4B-00C04F79EFBC}") = "RepoLens.Application", "src\RepoLens.Application\RepoLens.Application.csproj", "{A2400915-8FDC-4EA7-93CD-86840F51CEF9}"
EndProject
Project("{FAE04EC0-301F-11D3-BF4B-00C04F79EFBC}") = "RepoLens.Infrastructure", "src\RepoLens.Infrastructure\RepoLens.Infrastructure.csproj", "{ABAD1BC4-A69F-428C-ADFC-9E1C054E57F0}"
EndProject
Project("{FAE04EC0-301F-11D3-BF4B-00C04F79EFBC}") = "RepoLens.Analysis", "src\RepoLens.Analysis\RepoLens.Analysis.csproj", "{D92390F3-EA86-45F0-B544-4E1A53F8BB8E}"
EndProject
Project("{2150E333-8FDC-42A3-9474-1A3956D46DE8}") = "tests", "tests", "{0AB3BF05-4346-4AA6-1389-037BE0695223}"
EndProject
Project("{FAE04EC0-301F-11D3-BF4B-00C04F79EFBC}") = "RepoLens.UnitTests", "tests\RepoLens.UnitTests\RepoLens.UnitTests.csproj", "{7129B623-3654-4EB1-A84A-0BB99A7BC636}"
EndProject
Project("{FAE04EC0-301F-11D3-BF4B-00C04F79EFBC}") = "RepoLens.IntegrationTests", "tests\RepoLens.IntegrationTests\RepoLens.IntegrationTests.csproj", "{9302E649-C350-440E-AB79-080801E4E3AE}"
EndProject
Project("{FAE04EC0-301F-11D3-BF4B-00C04F79EFBC}") = "RepoLens.AnalysisTests", "tests\RepoLens.AnalysisTests\RepoLens.AnalysisTests.csproj", "{32BBC44B-CEB0-4250-A860-E3D5F6E94D94}"
EndProject
Global
	GlobalSection(SolutionConfigurationPlatforms) = preSolution
		Debug|Any CPU = Debug|Any CPU
		Debug|x64 = Debug|x64
		Debug|x86 = Debug|x86
		Release|Any CPU = Release|Any CPU
		Release|x64 = Release|x64
		Release|x86 = Release|x86
	EndGlobalSection
	GlobalSection(ProjectConfigurationPlatforms) = postSolution
		{7DD4DEFB-0BA5-4D0C-9BF9-C114C7FADE83}.Debug|Any CPU.ActiveCfg = Debug|Any CPU
		{7DD4DEFB-0BA5-4D0C-9BF9-C114C7FADE83}.Debug|Any CPU.Build.0 = Debug|Any CPU
		{7DD4DEFB-0BA5-4D0C-9BF9-C114C7FADE83}.Debug|x64.ActiveCfg = Debug|Any CPU
		{7DD4DEFB-0BA5-4D0C-9BF9-C114C7FADE83}.Debug|x64.Build.0 = Debug|Any CPU
		{7DD4DEFB-0BA5-4D0C-9BF9-C114C7FADE83}.Debug|x86.ActiveCfg = Debug|Any CPU
		{7DD4DEFB-0BA5-4D0C-9BF9-C114C7FADE83}.Debug|x86.Build.0 = Debug|Any CPU
		{7DD4DEFB-0BA5-4D0C-9BF9-C114C7FADE83}.Release|Any CPU.ActiveCfg = Release|Any CPU
		{7DD4DEFB-0BA5-4D0C-9BF9-C114C7FADE83}.Release|Any CPU.Build.0 = Release|Any CPU
		{7DD4DEFB-0BA5-4D0C-9BF9-C114C7FADE83}.Release|x64.ActiveCfg = Release|Any CPU
		{7DD4DEFB-0BA5-4D0C-9BF9-C114C7FADE83}.Release|x64.Build.0 = Release|Any CPU
		{7DD4DEFB-0BA5-4D0C-9BF9-C114C7FADE83}.Release|x86.ActiveCfg = Release|Any CPU
		{7DD4DEFB-0BA5-4D0C-9BF9-C114C7FADE83}.Release|x86.Build.0 = Release|Any CPU
		{4EBC7155-29DA-4491-A6D2-3F3E1CD5AD9C}.Debug|Any CPU.ActiveCfg = Debug|Any CPU
		{4EBC7155-29DA-4491-A6D2-3F3E1CD5AD9C}.Debug|Any CPU.Build.0 = Debug|Any CPU
		{4EBC7155-29DA-4491-A6D2-3F3E1CD5AD9C}.Debug|x64.ActiveCfg = Debug|Any CPU
		{4EBC7155-29DA-4491-A6D2-3F3E1CD5AD9C}.Debug|x64.Build.0 = Debug|Any CPU
		{4EBC7155-29DA-4491-A6D2-3F3E1CD5AD9C}.Debug|x86.ActiveCfg = Debug|Any CPU
		{4EBC7155-29DA-4491-A6D2-3F3E1CD5AD9C}.Debug|x86.Build.0 = Debug|Any CPU
		{4EBC7155-29DA-4491-A6D2-3F3E1CD5AD9C}.Release|Any CPU.ActiveCfg = Release|Any CPU
		{4EBC7155-29DA-4491-A6D2-3F3E1CD5AD9C}.Release|Any CPU.Build.0 = Release|Any CPU
		{4EBC7155-29DA-4491-A6D2-3F3E1CD5AD9C}.Release|x64.ActiveCfg = Release|Any CPU
		{4EBC7155-29DA-4491-A6D2-3F3E1CD5AD9C}.Release|x64.Build.0 = Release|Any CPU
		{4EBC7155-29DA-4491-A6D2-3F3E1CD5AD9C}.Release|x86.ActiveCfg = Release|Any CPU
		{4EBC7155-29DA-4491-A6D2-3F3E1CD5AD9C}.Release|x86.Build.0 = Release|Any CPU
		{A2400915-8FDC-4EA7-93CD-86840F51CEF9}.Debug|Any CPU.ActiveCfg = Debug|Any CPU
		{A2400915-8FDC-4EA7-93CD-86840F51CEF9}.Debug|Any CPU.Build.0 = Debug|Any CPU
		{A2400915-8FDC-4EA7-93CD-86840F51CEF9}.Debug|x64.ActiveCfg = Debug|Any CPU
		{A2400915-8FDC-4EA7-93CD-86840F51CEF9}.Debug|x64.Build.0 = Debug|Any CPU
		{A2400915-8FDC-4EA7-93CD-86840F51CEF9}.Debug|x86.ActiveCfg = Debug|Any CPU
		{A2400915-8FDC-4EA7-93CD-86840F51CEF9}.Debug|x86.Build.0 = Debug|Any CPU
		{A2400915-8FDC-4EA7-93CD-86840F51CEF9}.Release|Any CPU.ActiveCfg = Release|Any CPU
		{A2400915-8FDC-4EA7-93CD-86840F51CEF9}.Release|Any CPU.Build.0 = Release|Any CPU
		{A2400915-8FDC-4EA7-93CD-86840F51CEF9}.Release|x64.ActiveCfg = Release|Any CPU
		{A2400915-8FDC-4EA7-93CD-86840F51CEF9}.Release|x64.Build.0 = Release|Any CPU
		{A2400915-8FDC-4EA7-93CD-86840F51CEF9}.Release|x86.ActiveCfg = Release|Any CPU
		{A2400915-8FDC-4EA7-93CD-86840F51CEF9}.Release|x86.Build.0 = Release|Any CPU
		{ABAD1BC4-A69F-428C-ADFC-9E1C054E57F0}.Debug|Any CPU.ActiveCfg = Debug|Any CPU
		{ABAD1BC4-A69F-428C-ADFC-9E1C054E57F0}.Debug|Any CPU.Build.0 = Debug|Any CPU
		{ABAD1BC4-A69F-428C-ADFC-9E1C054E57F0}.Debug|x64.ActiveCfg = Debug|Any CPU
		{ABAD1BC4-A69F-428C-ADFC-9E1C054E57F0}.Debug|x64.Build.0 = Debug|Any CPU
		{ABAD1BC4-A69F-428C-ADFC-9E1C054E57F0}.Debug|x86.ActiveCfg = Debug|Any CPU
		{ABAD1BC4-A69F-428C-ADFC-9E1C054E57F0}.Debug|x86.Build.0 = Debug|Any CPU
		{ABAD1BC4-A69F-428C-ADFC-9E1C054E57F0}.Release|Any CPU.ActiveCfg = Release|Any CPU
		{ABAD1BC4-A69F-428C-ADFC-9E1C054E57F0}.Release|Any CPU.Build.0 = Release|Any CPU
		{ABAD1BC4-A69F-428C-ADFC-9E1C054E57F0}.Release|x64.ActiveCfg = Release|Any CPU
		{ABAD1BC4-A69F-428C-ADFC-9E1C054E57F0}.Release|x64.Build.0 = Release|Any CPU
		{ABAD1BC4-A69F-428C-ADFC-9E1C054E57F0}.Release|x86.ActiveCfg = Release|Any CPU
		{ABAD1BC4-A69F-428C-ADFC-9E1C054E57F0}.Release|x86.Build.0 = Release|Any CPU
		{D92390F3-EA86-45F0-B544-4E1A53F8BB8E}.Debug|Any CPU.ActiveCfg = Debug|Any CPU
		{D92390F3-EA86-45F0-B544-4E1A53F8BB8E}.Debug|Any CPU.Build.0 = Debug|Any CPU
		{D92390F3-EA86-45F0-B544-4E1A53F8BB8E}.Debug|x64.ActiveCfg = Debug|Any CPU
		{D92390F3-EA86-45F0-B544-4E1A53F8BB8E}.Debug|x64.Build.0 = Debug|Any CPU
		{D92390F3-EA86-45F0-B544-4E1A53F8BB8E}.Debug|x86.ActiveCfg = Debug|Any CPU
		{D92390F3-EA86-45F0-B544-4E1A53F8BB8E}.Debug|x86.Build.0 = Debug|Any CPU
		{D92390F3-EA86-45F0-B544-4E1A53F8BB8E}.Release|Any CPU.ActiveCfg = Release|Any CPU
		{D92390F3-EA86-45F0-B544-4E1A53F8BB8E}.Release|Any CPU.Build.0 = Release|Any CPU
		{D92390F3-EA86-45F0-B544-4E1A53F8BB8E}.Release|x64.ActiveCfg = Release|Any CPU
		{D92390F3-EA86-45F0-B544-4E1A53F8BB8E}.Release|x64.Build.0 = Release|Any CPU
		{D92390F3-EA86-45F0-B544-4E1A53F8BB8E}.Release|x86.ActiveCfg = Release|Any CPU
		{D92390F3-EA86-45F0-B544-4E1A53F8BB8E}.Release|x86.Build.0 = Release|Any CPU
		{7129B623-3654-4EB1-A84A-0BB99A7BC636}.Debug|Any CPU.ActiveCfg = Debug|Any CPU
		{7129B623-3654-4EB1-A84A-0BB99A7BC636}.Debug|Any CPU.Build.0 = Debug|Any CPU
		{7129B623-3654-4EB1-A84A-0BB99A7BC636}.Debug|x64.ActiveCfg = Debug|Any CPU
		{7129B623-3654-4EB1-A84A-0BB99A7BC636}.Debug|x64.Build.0 = Debug|Any CPU
		{7129B623-3654-4EB1-A84A-0BB99A7BC636}.Debug|x86.ActiveCfg = Debug|Any CPU
		{7129B623-3654-4EB1-A84A-0BB99A7BC636}.Debug|x86.Build.0 = Debug|Any CPU
		{7129B623-3654-4EB1-A84A-0BB99A7BC636}.Release|Any CPU.ActiveCfg = Release|Any CPU
		{7129B623-3654-4EB1-A84A-0BB99A7BC636}.Release|Any CPU.Build.0 = Release|Any CPU
		{7129B623-3654-4EB1-A84A-0BB99A7BC636}.Release|x64.ActiveCfg = Release|Any CPU
		{7129B623-3654-4EB1-A84A-0BB99A7BC636}.Release|x64.Build.0 = Release|Any CPU
		{7129B623-3654-4EB1-A84A-0BB99A7BC636}.Release|x86.ActiveCfg = Release|Any CPU
		{7129B623-3654-4EB1-A84A-0BB99A7BC636}.Release|x86.Build.0 = Release|Any CPU
		{9302E649-C350-440E-AB79-080801E4E3AE}.Debug|Any CPU.ActiveCfg = Debug|Any CPU
		{9302E649-C350-440E-AB79-080801E4E3AE}.Debug|Any CPU.Build.0 = Debug|Any CPU
		{9302E649-C350-440E-AB79-080801E4E3AE}.Debug|x64.ActiveCfg = Debug|Any CPU
		{9302E649-C350-440E-AB79-080801E4E3AE}.Debug|x64.Build.0 = Debug|Any CPU
		{9302E649-C350-440E-AB79-080801E4E3AE}.Debug|x86.ActiveCfg = Debug|Any CPU
		{9302E649-C350-440E-AB79-080801E4E3AE}.Debug|x86.Build.0 = Debug|Any CPU
		{9302E649-C350-440E-AB79-080801E4E3AE}.Release|Any CPU.ActiveCfg = Release|Any CPU
		{9302E649-C350-440E-AB79-080801E4E3AE}.Release|Any CPU.Build.0 = Release|Any CPU
		{9302E649-C350-440E-AB79-080801E4E3AE}.Release|x64.ActiveCfg = Release|Any CPU
		{9302E649-C350-440E-AB79-080801E4E3AE}.Release|x64.Build.0 = Release|Any CPU
		{9302E649-C350-440E-AB79-080801E4E3AE}.Release|x86.ActiveCfg = Release|Any CPU
		{9302E649-C350-440E-AB79-080801E4E3AE}.Release|x86.Build.0 = Release|Any CPU
		{32BBC44B-CEB0-4250-A860-E3D5F6E94D94}.Debug|Any CPU.ActiveCfg = Debug|Any CPU
		{32BBC44B-CEB0-4250-A860-E3D5F6E94D94}.Debug|Any CPU.Build.0 = Debug|Any CPU
		{32BBC44B-CEB0-4250-A860-E3D5F6E94D94}.Debug|x64.ActiveCfg = Debug|Any CPU
		{32BBC44B-CEB0-4250-A860-E3D5F6E94D94}.Debug|x64.Build.0 = Debug|Any CPU
		{32BBC44B-CEB0-4250-A860-E3D5F6E94D94}.Debug|x86.ActiveCfg = Debug|Any CPU
		{32BBC44B-CEB0-4250-A860-E3D5F6E94D94}.Debug|x86.Build.0 = Debug|Any CPU
		{32BBC44B-CEB0-4250-A860-E3D5F6E94D94}.Release|Any CPU.ActiveCfg = Release|Any CPU
		{32BBC44B-CEB0-4250-A860-E3D5F6E94D94}.Release|Any CPU.Build.0 = Release|Any CPU
		{32BBC44B-CEB0-4250-A860-E3D5F6E94D94}.Release|x64.ActiveCfg = Release|Any CPU
		{32BBC44B-CEB0-4250-A860-E3D5F6E94D94}.Release|x64.Build.0 = Release|Any CPU
		{32BBC44B-CEB0-4250-A860-E3D5F6E94D94}.Release|x86.ActiveCfg = Release|Any CPU
		{32BBC44B-CEB0-4250-A860-E3D5F6E94D94}.Release|x86.Build.0 = Release|Any CPU
	EndGlobalSection
	GlobalSection(SolutionProperties) = preSolution
		HideSolutionNode = FALSE
	EndGlobalSection
	GlobalSection(NestedProjects) = preSolution
		{7DD4DEFB-0BA5-4D0C-9BF9-C114C7FADE83} = {827E0CD3-B72D-47B6-A68D-7590B98EB39B}
		{4EBC7155-29DA-4491-A6D2-3F3E1CD5AD9C} = {827E0CD3-B72D-47B6-A68D-7590B98EB39B}
		{A2400915-8FDC-4EA7-93CD-86840F51CEF9} = {827E0CD3-B72D-47B6-A68D-7590B98EB39B}
		{ABAD1BC4-A69F-428C-ADFC-9E1C054E57F0} = {827E0CD3-B72D-47B6-A68D-7590B98EB39B}
		{D92390F3-EA86-45F0-B544-4E1A53F8BB8E} = {827E0CD3-B72D-47B6-A68D-7590B98EB39B}
		{7129B623-3654-4EB1-A84A-0BB99A7BC636} = {0AB3BF05-4346-4AA6-1389-037BE0695223}
		{9302E649-C350-440E-AB79-080801E4E3AE} = {0AB3BF05-4346-4AA6-1389-037BE0695223}
		{32BBC44B-CEB0-4250-A860-E3D5F6E94D94} = {0AB3BF05-4346-4AA6-1389-037BE0695223}
	EndGlobalSection
EndGlobal
